// !$*UTF8*$!
{
	archiveVersion = 1;
	classes = {
	};
	objectVersion = 51;
	objects = {

/* Begin PBXBuildFile section */
		6B3A18D224289EDC0009DB84 /* AppDelegate.swift in Sources */ = {isa = PBXBuildFile; fileRef = 6B3A18D124289EDC0009DB84 /* AppDelegate.swift */; };
		6B3A18D424289EDC0009DB84 /* SceneDelegate.swift in Sources */ = {isa = PBXBuildFile; fileRef = 6B3A18D324289EDC0009DB84 /* SceneDelegate.swift */; };
		6B3A18D624289EDC0009DB84 /* ViewController.swift in Sources */ = {isa = PBXBuildFile; fileRef = 6B3A18D524289EDC0009DB84 /* ViewController.swift */; };
		6B3A18D924289EDC0009DB84 /* Main.storyboard in Resources */ = {isa = PBXBuildFile; fileRef = 6B3A18D724289EDC0009DB84 /* Main.storyboard */; };
		6B3A18DB24289EDE0009DB84 /* Assets.xcassets in Resources */ = {isa = PBXBuildFile; fileRef = 6B3A18DA24289EDE0009DB84 /* Assets.xcassets */; };
		6B3A18DE24289EDE0009DB84 /* LaunchScreen.storyboard in Resources */ = {isa = PBXBuildFile; fileRef = 6B3A18DC24289EDE0009DB84 /* LaunchScreen.storyboard */; };
		6B3A18E624289F580009DB84 /* GoogleService-Info.plist in Resources */ = {isa = PBXBuildFile; fileRef = 6B3A18E524289F580009DB84 /* GoogleService-Info.plist */; };
		6BDEF9E9242C4DB900E93878 /* AuthViewController.swift in Sources */ = {isa = PBXBuildFile; fileRef = 6BDEF9E8242C4DB900E93878 /* AuthViewController.swift */; };
		6BDEF9EB242C4DD200E93878 /* SignInViewController.swift in Sources */ = {isa = PBXBuildFile; fileRef = 6BDEF9EA242C4DD200E93878 /* SignInViewController.swift */; };
		6BDEF9ED242C4DE800E93878 /* LoginViewController.swift in Sources */ = {isa = PBXBuildFile; fileRef = 6BDEF9EC242C4DE800E93878 /* LoginViewController.swift */; };
		6BDEF9EF242C4E0300E93878 /* PageViewController.swift in Sources */ = {isa = PBXBuildFile; fileRef = 6BDEF9EE242C4E0300E93878 /* PageViewController.swift */; };
		9007BEA3818FADB205BABE8C /* Pods_database.framework in Frameworks */ = {isa = PBXBuildFile; fileRef = E3DC29DB9A263E331A915C2F /* Pods_database.framework */; };
/* End PBXBuildFile section */

/* Begin PBXFileReference section */
		24F2396D283CFB26BECD28F9 /* Pods-database.release.xcconfig */ = {isa = PBXFileReference; includeInIndex = 1; lastKnownFileType = text.xcconfig; name = "Pods-database.release.xcconfig"; path = "Target Support Files/Pods-database/Pods-database.release.xcconfig"; sourceTree = "<group>"; };
		6B3A18CE24289EDB0009DB84 /* LogIn App.app */ = {isa = PBXFileReference; explicitFileType = wrapper.application; includeInIndex = 0; path = "LogIn App.app"; sourceTree = BUILT_PRODUCTS_DIR; };
		6B3A18D124289EDC0009DB84 /* AppDelegate.swift */ = {isa = PBXFileReference; lastKnownFileType = sourcecode.swift; path = AppDelegate.swift; sourceTree = "<group>"; };
		6B3A18D324289EDC0009DB84 /* SceneDelegate.swift */ = {isa = PBXFileReference; lastKnownFileType = sourcecode.swift; path = SceneDelegate.swift; sourceTree = "<group>"; };
		6B3A18D524289EDC0009DB84 /* ViewController.swift */ = {isa = PBXFileReference; lastKnownFileType = sourcecode.swift; path = ViewController.swift; sourceTree = "<group>"; };
		6B3A18D824289EDC0009DB84 /* Base */ = {isa = PBXFileReference; lastKnownFileType = file.storyboard; name = Base; path = Base.lproj/Main.storyboard; sourceTree = "<group>"; };
		6B3A18DA24289EDE0009DB84 /* Assets.xcassets */ = {isa = PBXFileReference; lastKnownFileType = folder.assetcatalog; path = Assets.xcassets; sourceTree = "<group>"; };
		6B3A18DD24289EDE0009DB84 /* Base */ = {isa = PBXFileReference; lastKnownFileType = file.storyboard; name = Base; path = Base.lproj/LaunchScreen.storyboard; sourceTree = "<group>"; };
		6B3A18DF24289EDE0009DB84 /* Info.plist */ = {isa = PBXFileReference; lastKnownFileType = text.plist.xml; path = Info.plist; sourceTree = "<group>"; };
		6B3A18E524289F580009DB84 /* GoogleService-Info.plist */ = {isa = PBXFileReference; fileEncoding = 4; lastKnownFileType = text.plist.xml; path = "GoogleService-Info.plist"; sourceTree = "<group>"; };
		6BDEF9E8242C4DB900E93878 /* AuthViewController.swift */ = {isa = PBXFileReference; lastKnownFileType = sourcecode.swift; path = AuthViewController.swift; sourceTree = "<group>"; };
		6BDEF9EA242C4DD200E93878 /* SignInViewController.swift */ = {isa = PBXFileReference; lastKnownFileType = sourcecode.swift; path = SignInViewController.swift; sourceTree = "<group>"; };
		6BDEF9EC242C4DE800E93878 /* LoginViewController.swift */ = {isa = PBXFileReference; lastKnownFileType = sourcecode.swift; path = LoginViewController.swift; sourceTree = "<group>"; };
		6BDEF9EE242C4E0300E93878 /* PageViewController.swift */ = {isa = PBXFileReference; lastKnownFileType = sourcecode.swift; path = PageViewController.swift; sourceTree = "<group>"; };
		E3DC29DB9A263E331A915C2F /* Pods_database.framework */ = {isa = PBXFileReference; explicitFileType = wrapper.framework; includeInIndex = 0; path = Pods_database.framework; sourceTree = BUILT_PRODUCTS_DIR; };
		EBF2267130AC4779B242F589 /* Pods-database.debug.xcconfig */ = {isa = PBXFileReference; includeInIndex = 1; lastKnownFileType = text.xcconfig; name = "Pods-database.debug.xcconfig"; path = "Target Support Files/Pods-database/Pods-database.debug.xcconfig"; sourceTree = "<group>"; };
/* End PBXFileReference section */

/* Begin PBXFrameworksBuildPhase section */
		6B3A18CB24289EDB0009DB84 /* Frameworks */ = {
			isa = PBXFrameworksBuildPhase;
			buildActionMask = 2147483647;
			files = (
				9007BEA3818FADB205BABE8C /* Pods_database.framework in Frameworks */,
			);
			runOnlyForDeploymentPostprocessing = 0;
		};
/* End PBXFrameworksBuildPhase section */

/* Begin PBXGroup section */
		6B3A18C524289EDB0009DB84 = {
			isa = PBXGroup;
			children = (
				6B3A18D024289EDB0009DB84 /* database */,
				6B3A18CF24289EDB0009DB84 /* Products */,
				DB146702658C6D56473F9FA9 /* Pods */,
				D0CE039C6A0E1EB15A6B5C97 /* Frameworks */,
			);
			sourceTree = "<group>";
		};
		6B3A18CF24289EDB0009DB84 /* Products */ = {
			isa = PBXGroup;
			children = (
				6B3A18CE24289EDB0009DB84 /* LogIn App.app */,
			);
			name = Products;
			sourceTree = "<group>";
		};
		6B3A18D024289EDB0009DB84 /* database */ = {
			isa = PBXGroup;
			children = (
				6B3A18D124289EDC0009DB84 /* AppDelegate.swift */,
				6B3A18D324289EDC0009DB84 /* SceneDelegate.swift */,
				6B3A18D524289EDC0009DB84 /* ViewController.swift */,
				6BDEF9E8242C4DB900E93878 /* AuthViewController.swift */,
				6BDEF9EA242C4DD200E93878 /* SignInViewController.swift */,
				6BDEF9EC242C4DE800E93878 /* LoginViewController.swift */,
				6BDEF9EE242C4E0300E93878 /* PageViewController.swift */,
				6B3A18D724289EDC0009DB84 /* Main.storyboard */,
				6B3A18DA24289EDE0009DB84 /* Assets.xcassets */,
				6B3A18DC24289EDE0009DB84 /* LaunchScreen.storyboard */,
				6B3A18DF24289EDE0009DB84 /* Info.plist */,
				6B3A18E524289F580009DB84 /* GoogleService-Info.plist */,
			);
			path = database;
			sourceTree = "<group>";
		};
		D0CE039C6A0E1EB15A6B5C97 /* Frameworks */ = {
			isa = PBXGroup;
			children = (
				E3DC29DB9A263E331A915C2F /* Pods_database.framework */,
			);
			name = Frameworks;
			sourceTree = "<group>";
		};
		DB146702658C6D56473F9FA9 /* Pods */ = {
			isa = PBXGroup;
			children = (
				EBF2267130AC4779B242F589 /* Pods-database.debug.xcconfig */,
				24F2396D283CFB26BECD28F9 /* Pods-database.release.xcconfig */,
			);
			path = Pods;
			sourceTree = "<group>";
		};
/* End PBXGroup section */

/* Begin PBXNativeTarget section */
		6B3A18CD24289EDB0009DB84 /* database */ = {
			isa = PBXNativeTarget;
			buildConfigurationList = 6B3A18E224289EDE0009DB84 /* Build configuration list for PBXNativeTarget "database" */;
			buildPhases = (
				A56F0C49C69D1F563D94D1B6 /* [CP] Check Pods Manifest.lock */,
				6B3A18CA24289EDB0009DB84 /* Sources */,
				6B3A18CB24289EDB0009DB84 /* Frameworks */,
				6B3A18CC24289EDB0009DB84 /* Resources */,
				3D5CE77C07C8482A66573B72 /* [CP] Embed Pods Frameworks */,
			);
			buildRules = (
			);
			dependencies = (
			);
			name = database;
			productName = database;
			productReference = 6B3A18CE24289EDB0009DB84 /* LogIn App.app */;
			productType = "com.apple.product-type.application";
		};
/* End PBXNativeTarget section */

/* Begin PBXProject section */
		6B3A18C624289EDB0009DB84 /* Project object */ = {
			isa = PBXProject;
			attributes = {
				LastSwiftUpdateCheck = 1130;
				LastUpgradeCheck = 1130;
				ORGANIZATIONNAME = kekDevs;
				TargetAttributes = {
					6B3A18CD24289EDB0009DB84 = {
						CreatedOnToolsVersion = 11.3.1;
					};
				};
			};
			buildConfigurationList = 6B3A18C924289EDB0009DB84 /* Build configuration list for PBXProject "database" */;
			compatibilityVersion = "Xcode 9.3";
			developmentRegion = en;
			hasScannedForEncodings = 0;
			knownRegions = (
				en,
				Base,
			);
			mainGroup = 6B3A18C524289EDB0009DB84;
			productRefGroup = 6B3A18CF24289EDB0009DB84 /* Products */;
			projectDirPath = "";
			projectRoot = "";
			targets = (
				6B3A18CD24289EDB0009DB84 /* database */,
			);
		};
/* End PBXProject section */

/* Begin PBXResourcesBuildPhase section */
		6B3A18CC24289EDB0009DB84 /* Resources */ = {
			isa = PBXResourcesBuildPhase;
			buildActionMask = 2147483647;
			files = (
				6B3A18DE24289EDE0009DB84 /* LaunchScreen.storyboard in Resources */,
				6B3A18E624289F580009DB84 /* GoogleService-Info.plist in Resources */,
				6B3A18DB24289EDE0009DB84 /* Assets.xcassets in Resources */,
				6B3A18D924289EDC0009DB84 /* Main.storyboard in Resources */,
			);
			runOnlyForDeploymentPostprocessing = 0;
		};
/* End PBXResourcesBuildPhase section */

/* Begin PBXShellScriptBuildPhase section */
		3D5CE77C07C8482A66573B72 /* [CP] Embed Pods Frameworks */ = {
			isa = PBXShellScriptBuildPhase;
			buildActionMask = 2147483647;
			files = (
			);
			inputFileListPaths = (
				"${PODS_ROOT}/Target Support Files/Pods-database/Pods-database-frameworks-${CONFIGURATION}-input-files.xcfilelist",
			);
			name = "[CP] Embed Pods Frameworks";
			outputFileListPaths = (
				"${PODS_ROOT}/Target Support Files/Pods-database/Pods-database-frameworks-${CONFIGURATION}-output-files.xcfilelist",
			);
			runOnlyForDeploymentPostprocessing = 0;
			shellPath = /bin/sh;
			shellScript = "\"${PODS_ROOT}/Target Support Files/Pods-database/Pods-database-frameworks.sh\"\n";
			showEnvVarsInLog = 0;
		};
		A56F0C49C69D1F563D94D1B6 /* [CP] Check Pods Manifest.lock */ = {
			isa = PBXShellScriptBuildPhase;
			buildActionMask = 2147483647;
			files = (
			);
			inputFileListPaths = (
			);
			inputPaths = (
				"${PODS_PODFILE_DIR_PATH}/Podfile.lock",
				"${PODS_ROOT}/Manifest.lock",
			);
			name = "[CP] Check Pods Manifest.lock";
			outputFileListPaths = (
			);
			outputPaths = (
				"$(DERIVED_FILE_DIR)/Pods-database-checkManifestLockResult.txt",
			);
			runOnlyForDeploymentPostprocessing = 0;
			shellPath = /bin/sh;
			shellScript = "diff \"${PODS_PODFILE_DIR_PATH}/Podfile.lock\" \"${PODS_ROOT}/Manifest.lock\" > /dev/null\nif [ $? != 0 ] ; then\n    # print error to STDERR\n    echo \"error: The sandbox is not in sync with the Podfile.lock. Run 'pod install' or update your CocoaPods installation.\" >&2\n    exit 1\nfi\n# This output is used by Xcode 'outputs' to avoid re-running this script phase.\necho \"SUCCESS\" > \"${SCRIPT_OUTPUT_FILE_0}\"\n";
			showEnvVarsInLog = 0;
		};
/* End PBXShellScriptBuildPhase section */

/* Begin PBXSourcesBuildPhase section */
		6B3A18CA24289EDB0009DB84 /* Sources */ = {
			isa = PBXSourcesBuildPhase;
			buildActionMask = 2147483647;
			files = (
				6BDEF9ED242C4DE800E93878 /* LoginViewController.swift in Sources */,
				6BDEF9EF242C4E0300E93878 /* PageViewController.swift in Sources */,
				6BDEF9E9242C4DB900E93878 /* AuthViewController.swift in Sources */,
				6BDEF9EB242C4DD200E93878 /* SignInViewController.swift in Sources */,
				6B3A18D624289EDC0009DB84 /* ViewController.swift in Sources */,
				6B3A18D224289EDC0009DB84 /* AppDelegate.swift in Sources */,
				6B3A18D424289EDC0009DB84 /* SceneDelegate.swift in Sources */,
			);
			runOnlyForDeploymentPostprocessing = 0;
		};
/* End PBXSourcesBuildPhase section */

/* Begin PBXVariantGroup section */
		6B3A18D724289EDC0009DB84 /* Main.storyboard */ = {
			isa = PBXVariantGroup;
			children = (
				6B3A18D824289EDC0009DB84 /* Base */,
			);
			name = Main.storyboard;
			sourceTree = "<group>";
		};
		6B3A18DC24289EDE0009DB84 /* LaunchScreen.storyboard */ = {
			isa = PBXVariantGroup;
			children = (
				6B3A18DD24289EDE0009DB84 /* Base */,
			);
			name = LaunchScreen.storyboard;
			sourceTree = "<group>";
		};
/* End PBXVariantGroup section */

/* Begin XCBuildConfiguration section */
		6B3A18E024289EDE0009DB84 /* Debug */ = {
			isa = XCBuildConfiguration;
			buildSettings = {
				ALWAYS_SEARCH_USER_PATHS = NO;
				CLANG_ANALYZER_NONNULL = YES;
				CLANG_ANALYZER_NUMBER_OBJECT_CONVERSION = YES_AGGRESSIVE;
				CLANG_CXX_LANGUAGE_STANDARD = "gnu++14";
				CLANG_CXX_LIBRARY = "libc++";
				CLANG_ENABLE_MODULES = YES;
				CLANG_ENABLE_OBJC_ARC = YES;
				CLANG_ENABLE_OBJC_WEAK = YES;
				CLANG_WARN_BLOCK_CAPTURE_AUTORELEASING = YES;
				CLANG_WARN_BOOL_CONVERSION = YES;
				CLANG_WARN_COMMA = YES;
				CLANG_WARN_CONSTANT_CONVERSION = YES;
				CLANG_WARN_DEPRECATED_OBJC_IMPLEMENTATIONS = YES;
				CLANG_WARN_DIRECT_OBJC_ISA_USAGE = YES_ERROR;
				CLANG_WARN_DOCUMENTATION_COMMENTS = YES;
				CLANG_WARN_EMPTY_BODY = YES;
				CLANG_WARN_ENUM_CONVERSION = YES;
				CLANG_WARN_INFINITE_RECURSION = YES;
				CLANG_WARN_INT_CONVERSION = YES;
				CLANG_WARN_NON_LITERAL_NULL_CONVERSION = YES;
				CLANG_WARN_OBJC_IMPLICIT_RETAIN_SELF = YES;
				CLANG_WARN_OBJC_LITERAL_CONVERSION = YES;
				CLANG_WARN_OBJC_ROOT_CLASS = YES_ERROR;
				CLANG_WARN_RANGE_LOOP_ANALYSIS = YES;
				CLANG_WARN_STRICT_PROTOTYPES = YES;
				CLANG_WARN_SUSPICIOUS_MOVE = YES;
				CLANG_WARN_UNGUARDED_AVAILABILITY = YES_AGGRESSIVE;
				CLANG_WARN_UNREACHABLE_CODE = YES;
				CLANG_WARN__DUPLICATE_METHOD_MATCH = YES;
				COPY_PHASE_STRIP = NO;
				DEBUG_INFORMATION_FORMAT = dwarf;
				ENABLE_STRICT_OBJC_MSGSEND = YES;
				ENABLE_TESTABILITY = YES;
				GCC_C_LANGUAGE_STANDARD = gnu11;
				GCC_DYNAMIC_NO_PIC = NO;
				GCC_NO_COMMON_BLOCKS = YES;
				GCC_OPTIMIZATION_LEVEL = 0;
				GCC_PREPROCESSOR_DEFINITIONS = (
					"DEBUG=1",
					"$(inherited)",
				);
				GCC_WARN_64_TO_32_BIT_CONVERSION = YES;
				GCC_WARN_ABOUT_RETURN_TYPE = YES_ERROR;
				GCC_WARN_UNDECLARED_SELECTOR = YES;
				GCC_WARN_UNINITIALIZED_AUTOS = YES_AGGRESSIVE;
				GCC_WARN_UNUSED_FUNCTION = YES;
				GCC_WARN_UNUSED_VARIABLE = YES;
				IPHONEOS_DEPLOYMENT_TARGET = 13.2;
				MTL_ENABLE_DEBUG_INFO = INCLUDE_SOURCE;
				MTL_FAST_MATH = YES;
				ONLY_ACTIVE_ARCH = YES;
				SDKROOT = iphoneos;
				SWIFT_ACTIVE_COMPILATION_CONDITIONS = DEBUG;
				SWIFT_OPTIMIZATION_LEVEL = "-Onone";
			};
			name = Debug;
		};
		6B3A18E124289EDE0009DB84 /* Release */ = {
			isa = XCBuildConfiguration;
			buildSettings = {
				ALWAYS_SEARCH_USER_PATHS = NO;
				CLANG_ANALYZER_NONNULL = YES;
				CLANG_ANALYZER_NUMBER_OBJECT_CONVERSION = YES_AGGRESSIVE;
				CLANG_CXX_LANGUAGE_STANDARD = "gnu++14";
				CLANG_CXX_LIBRARY = "libc++";
				CLANG_ENABLE_MODULES = YES;
				CLANG_ENABLE_OBJC_ARC = YES;
				CLANG_ENABLE_OBJC_WEAK = YES;
				CLANG_WARN_BLOCK_CAPTURE_AUTORELEASING = YES;
				CLANG_WARN_BOOL_CONVERSION = YES;
				CLANG_WARN_COMMA = YES;
				CLANG_WARN_CONSTANT_CONVERSION = YES;
				CLANG_WARN_DEPRECATED_OBJC_IMPLEMENTATIONS = YES;
				CLANG_WARN_DIRECT_OBJC_ISA_USAGE = YES_ERROR;
				CLANG_WARN_DOCUMENTATION_COMMENTS = YES;
				CLANG_WARN_EMPTY_BODY = YES;
				CLANG_WARN_ENUM_CONVERSION = YES;
				CLANG_WARN_INFINITE_RECURSION = YES;
				CLANG_WARN_INT_CONVERSION = YES;
				CLANG_WARN_NON_LITERAL_NULL_CONVERSION = YES;
				CLANG_WARN_OBJC_IMPLICIT_RETAIN_SELF = YES;
				CLANG_WARN_OBJC_LITERAL_CONVERSION = YES;
				CLANG_WARN_OBJC_ROOT_CLASS = YES_ERROR;
				CLANG_WARN_RANGE_LOOP_ANALYSIS = YES;
				CLANG_WARN_STRICT_PROTOTYPES = YES;
				CLANG_WARN_SUSPICIOUS_MOVE = YES;
				CLANG_WARN_UNGUARDED_AVAILABILITY = YES_AGGRESSIVE;
				CLANG_WARN_UNREACHABLE_CODE = YES;
				CLANG_WARN__DUPLICATE_METHOD_MATCH = YES;
				COPY_PHASE_STRIP = NO;
				DEBUG_INFORMATION_FORMAT = "dwarf-with-dsym";
				ENABLE_NS_ASSERTIONS = NO;
				ENABLE_STRICT_OBJC_MSGSEND = YES;
				GCC_C_LANGUAGE_STANDARD = gnu11;
				GCC_NO_COMMON_BLOCKS = YES;
				GCC_WARN_64_TO_32_BIT_CONVERSION = YES;
				GCC_WARN_ABOUT_RETURN_TYPE = YES_ERROR;
				GCC_WARN_UNDECLARED_SELECTOR = YES;
				GCC_WARN_UNINITIALIZED_AUTOS = YES_AGGRESSIVE;
				GCC_WARN_UNUSED_FUNCTION = YES;
				GCC_WARN_UNUSED_VARIABLE = YES;
				IPHONEOS_DEPLOYMENT_TARGET = 13.2;
				MTL_ENABLE_DEBUG_INFO = NO;
				MTL_FAST_MATH = YES;
				SDKROOT = iphoneos;
				SWIFT_COMPILATION_MODE = wholemodule;
				SWIFT_OPTIMIZATION_LEVEL = "-O";
				VALIDATE_PRODUCT = YES;
			};
			name = Release;
		};
		6B3A18E324289EDE0009DB84 /* Debug */ = {
			isa = XCBuildConfiguration;
			baseConfigurationReference = EBF2267130AC4779B242F589 /* Pods-database.debug.xcconfig */;
			buildSettings = {
				ASSETCATALOG_COMPILER_APPICON_NAME = AppIcon;
				CODE_SIGN_STYLE = Automatic;
				DEVELOPMENT_TEAM = U7PNT58H22;
				INFOPLIST_FILE = database/Info.plist;
				LD_RUNPATH_SEARCH_PATHS = (
					"$(inherited)",
					"@executable_path/Frameworks",
				);
				PRODUCT_BUNDLE_IDENTIFIER = kekdevs.database;
				PRODUCT_NAME = "LogIn App";
				SWIFT_VERSION = 5.0;
				TARGETED_DEVICE_FAMILY = "1,2";
			};
			name = Debug;
		};
		6B3A18E424289EDE0009DB84 /* Release */ = {
			isa = XCBuildConfiguration;
			baseConfigurationReference = 24F2396D283CFB26BECD28F9 /* Pods-database.release.xcconfig */;
			buildSettings = {
				ASSETCATALOG_COMPILER_APPICON_NAME = AppIcon;
				CODE_SIGN_STYLE = Automatic;
				DEVELOPMENT_TEAM = U7PNT58H22;
				INFOPLIST_FILE = database/Info.plist;
				LD_RUNPATH_SEARCH_PATHS = (
					"$(inherited)",
					"@executable_path/Frameworks",
				);
				PRODUCT_BUNDLE_IDENTIFIER = kekdevs.database;
				PRODUCT_NAME = "LogIn App";
				SWIFT_VERSION = 5.0;
				TARGETED_DEVICE_FAMILY = "1,2";
			};
			name = Release;
		};
/* End XCBuildConfiguration section */

/* Begin XCConfigurationList section */
		6B3A18C924289EDB0009DB84 /* Build configuration list for PBXProject "database" */ = {
			isa = XCConfigurationList;
			buildConfigurations = (
				6B3A18E024289EDE0009DB84 /* Debug */,
				6B3A18E124289EDE0009DB84 /* Release */,
			);
			defaultConfigurationIsVisible = 0;
			defaultConfigurationName = Release;
		};
		6B3A18E224289EDE0009DB84 /* Build configuration list for PBXNativeTarget "database" */ = {
			isa = XCConfigurationList;
			buildConfigurations = (
				6B3A18E324289EDE0009DB84 /* Debug */,
				6B3A18E424289EDE0009DB84 /* Release */,
			);
			defaultConfigurationIsVisible = 0;
			defaultConfigurationName = Release;
		};
/* End XCConfigurationList section */
	};
	rootObject = 6B3A18C624289EDB0009DB84 /* Project object */;
}
